
Microsoft Visual Studio Solution File, Format Version 12.00
# Visual Studio Version 17
VisualStudioVersion = 17.5.002.0
MinimumVisualStudioVersion = 10.0.40219.1
Project("{9A19103F-16F7-4668-BE54-9A1E7A4F7556}") = "BankAPI", "BankAPI.csproj", "{CC74924D-1ECF-417E-8651-5F5077D82872}"
EndProject
Global
	GlobalSection(SolutionConfigurationPlatforms) = preSolution
		Debug|Any CPU = Debug|Any CPU
		Release|Any CPU = Release|Any CPU
	EndGlobalSection
	GlobalSection(ProjectConfigurationPlatforms) = postSolution
		{CC74924D-1ECF-417E-8651-5F5077D82872}.Debug|Any CPU.ActiveCfg = Debug|Any CPU
		{CC74924D-1ECF-417E-8651-5F5077D82872}.Debug|Any CPU.Build.0 = Debug|Any CPU
		{CC74924D-1ECF-417E-8651-5F5077D82872}.Release|Any CPU.ActiveCfg = Release|Any CPU
		{CC74924D-1ECF-417E-8651-5F5077D82872}.Release|Any CPU.Build.0 = Release|Any CPU
	EndGlobalSection
	GlobalSection(SolutionProperties) = preSolution
		HideSolutionNode = FALSE
	EndGlobalSection
	GlobalSection(ExtensibilityGlobals) = postSolution
		SolutionGuid = {753F5B0C-BBCF-476F-84D5-F65F6B174C9D}
	EndGlobalSection
EndGlobal
