
Microsoft Visual Studio Solution File, Format Version 12.00
# Visual Studio Version 17
VisualStudioVersion = 17.5.002.0
MinimumVisualStudioVersion = 10.0.40219.1
Project("{9A19103F-16F7-4668-BE54-9A1E7A4F7556}") = "IntroConsole", "IntroConsole.csproj", "{A88F0B18-CA32-46BC-9326-6F9AF9D7940A}"
EndProject
Global
	GlobalSection(SolutionConfigurationPlatforms) = preSolution
		Debug|Any CPU = Debug|Any CPU
		Release|Any CPU = Release|Any CPU
	EndGlobalSection
	GlobalSection(ProjectConfigurationPlatforms) = postSolution
		{A88F0B18-CA32-46BC-9326-6F9AF9D7940A}.Debug|Any CPU.ActiveCfg = Debug|Any CPU
		{A88F0B18-CA32-46BC-9326-6F9AF9D7940A}.Debug|Any CPU.Build.0 = Debug|Any CPU
		{A88F0B18-CA32-46BC-9326-6F9AF9D7940A}.Release|Any CPU.ActiveCfg = Release|Any CPU
		{A88F0B18-CA32-46BC-9326-6F9AF9D7940A}.Release|Any CPU.Build.0 = Release|Any CPU
	EndGlobalSection
	GlobalSection(SolutionProperties) = preSolution
		HideSolutionNode = FALSE
	EndGlobalSection
	GlobalSection(ExtensibilityGlobals) = postSolution
		SolutionGuid = {3F55A4AD-5F1B-411C-952F-3E5697060F61}
	EndGlobalSection
EndGlobal
